{
  "version": 4,
  "terraform_version": "1.10.0",
  "serial": 514,
  "lineage": "fc39dbea-0919-c4b4-def6-de86863a5443",
  "outputs": {},
  "resources": [
    {
      "mode": "data",
      "type": "yandex_compute_image",
      "name": "ubuntu2404",
      "provider": "provider[\"registry.terraform.io/yandex-cloud/yandex\"]",
      "instances": [
        {
          "schema_version": 0,
          "attributes": {
            "created_at": "2025-01-27T11:01:56Z",
            "description": "Ubuntu 24.04 OsLogin",
            "family": "ubuntu-2404-lts-oslogin",
            "folder_id": "standard-images",
            "hardware_generation": [
              {
                "generation2_features": [],
                "legacy_features": [
                  {
                    "pci_topology": "PCI_TOPOLOGY_V1"
                  }
                ]
              }
            ],
            "id": "fd8hr27j6bkf6bd0tdsh",
            "image_id": "fd8hr27j6bkf6bd0tdsh",
            "kms_key_id": null,
            "labels": {},
            "min_disk_size": 10,
            "name": "ubuntu-2404-lts-oslogin-v20250127",
            "os_type": "linux",
            "pooled": true,
            "product_ids": [
              "f2e51dkhju4islhp1eps"
            ],
            "size": 5,
            "status": "ready"
          },
          "sensitive_attributes": []
        }
      ]
    },
    {
      "mode": "data",
      "type": "yandex_vpc_network",
      "name": "default",
      "provider": "provider[\"registry.terraform.io/yandex-cloud/yandex\"]",
      "instances": [
        {
          "schema_version": 0,
          "attributes": {
            "created_at": "2024-11-08T10:25:44Z",
            "default_security_group_id": "enph8nvndmf6tmo7urh2",
            "description": "Auto-created network",
            "folder_id": "b1ghnhdkga964vm8vfu6",
            "id": "enp014etv9tm4bcju6bq",
            "labels": {},
            "name": "default",
            "network_id": "enp014etv9tm4bcju6bq",
            "subnet_ids": [
              "e2lsbglh7iq9u6kfhn3o",
              "e9bri13lics7pf0i9vbq",
              "fl8c28ftrf5g7mdfkhl7"
            ]
          },
          "sensitive_attributes": []
        }
      ]
    },
    {
      "mode": "managed",
      "type": "local_file",
      "name": "inventory",
      "provider": "provider[\"registry.terraform.io/hashicorp/local\"]",
      "instances": [
        {
          "schema_version": 0,
          "attributes": {
            "content": "[consul]\nconsul ansible_host=158.160.74.116 ansible_ssh_common_args='-o StrictHostKeyChecking=no'\n\n[backend]\nbackend1 ansible_host=51.250.21.184 ansible_ssh_common_args='-o StrictHostKeyChecking=no'\nbackend2 ansible_host=158.160.89.162 ansible_ssh_common_args='-o StrictHostKeyChecking=no'\n\n[frontend]\nnginx1 ansible_host=158.160.75.29 ansible_ssh_common_args='-o StrictHostKeyChecking=no'\n\n",
            "content_base64": null,
            "content_base64sha256": "b3i8Xumi2o+HaBST3hiozmifz2qEP+Kin9E8x7s22cY=",
            "content_base64sha512": "CUZPwwyKqGWUrRYXeXxotgt0Ykof+LvqCoL0097rZTWmNyiSwrA62iy1/ucCP/k/TvMiuoAC98GwZevCkybaWg==",
            "content_md5": "f003cf7ff457de34378c3be43e6a061d",
            "content_sha1": "b7b8dae7e1b1ffca3ea5e1012200b4e284f32c1f",
            "content_sha256": "6f78bc5ee9a2da8f87681493de18a8ce689fcf6a843fe2a29fd13cc7bb36d9c6",
            "content_sha512": "09464fc30c8aa86594ad1617797c68b60b74624a1ff8bbea0a82f4d3deeb6535a6372892c2b03ada2cb5fee7023ff93f4ef322ba8002f7c1b065ebc29326da5a",
            "directory_permission": "0777",
            "file_permission": "0644",
            "filename": "./hosts",
            "id": "b7b8dae7e1b1ffca3ea5e1012200b4e284f32c1f",
            "sensitive_content": null,
            "source": null
          },
          "sensitive_attributes": [
            [
              {
                "type": "get_attr",
                "value": "sensitive_content"
              }
            ]
          ],
          "dependencies": [
            "data.yandex_compute_image.ubuntu2404",
            "data.yandex_vpc_network.default",
            "yandex_compute_instance.backend",
            "yandex_compute_instance.consul",
            "yandex_compute_instance.frontend",
            "yandex_vpc_subnet.subnet01"
          ]
        }
      ]
    },
    {
      "mode": "managed",
      "type": "local_file",
      "name": "playbook_yml",
      "provider": "provider[\"registry.terraform.io/hashicorp/local\"]",
      "instances": [
        {
          "schema_version": 0,
          "attributes": {
            "content": "---\n- hosts: all\n  tags: setup prereq\n  remote_user: ubuntu\n  become: yes\n  gather_facts: no\n  tasks:\n  \n# ждем пока виртуальные машины придут в себя. иначе могу быть баги с утановкой пакетов  \n  - name: Pause for 2 minutes\n    ansible.builtin.pause:\n      minutes: 2\n\n  - name: Wait for system to become reachable\n    ansible.builtin.wait_for_connection:\n\n  - name: Gather facts manually\n    ansible.builtin.setup:\n  \n  - name: Set timezone\n    timezone:\n      name: Europe/Moscow\n  \n  - name: Add entries to hosts\n    copy:\n      dest: /etc/hosts\n      content: \"#\\n\n127.0.0.1\tlocalhost\\n\n10.16.0.29\tbackend1\\n\n10.16.0.13\tbackend2\\n\n10.16.0.34\tnginx1\\n\n10.16.0.26\tconsul\\n\n\"\n\n  - name: Install prerequirments\n    ansible.builtin.apt: \n      name: \n        - unzip\n      state: present\n      update_cache: true\n\n# =============================== setup consul ===============================\n\n- hosts: consul\n  tags: setup consul server\n  remote_user: ubuntu\n  become: yes\n  tasks:\n\n  - name: Get and unzip consul binary\n    ansible.builtin.unarchive:\n      src: https://hashicorp-releases.yandexcloud.net/consul/1.20.2/consul_1.20.2_linux_amd64.zip\n      dest: /usr/bin/\n      remote_src: yes\n  \n  - name: Add consule user\n    ansible.builtin.user:\n      name: consul\n      comment: Consul service\n\n  - name: Create consul directories\n    ansible.builtin.file:\n      path: \"{{ item }}\"\n      state: directory\n      owner: consul\n      group: consul\n      mode: '755'\n    with_items:\n      - /var/lib/consul\n      - /etc/consul.d\n\n  - name: Copy consul server config\n    ansible.builtin.copy:\n      src: templates/consul/config.hcl-server\n      dest: /etc/consul.d/config.hcl\n      owner: consul\n      group: consul\n\n  - name: Generate consul encryption key\n    ansible.builtin.command: consul keygen\n    register: encrypt_key\n\n  - name: Set_fact consul encryption key\n    set_fact:\n      consul_encrypt_key: \"{{encrypt_key.stdout}}\"  \n\n  - name: Change encrypt option in config.hcl\n    ansible.builtin.lineinfile:\n      path: /etc/consul.d/config.hcl\n      regexp: 'encrypt'\n      line: '\"encrypt\" = \"{{encrypt_key.stdout}}\"'\n\n  - name: Copy consul.service file\n    ansible.builtin.copy:\n      src: templates/consul/consul.service\n      dest: /etc/systemd/system/consul.service\n\n  - name: Start consul server\n    ansible.builtin.service:\n      name: consul\n      state: restarted\n      enabled: yes\n\n# =============================== setup backend servers ======================\n\n- hosts: backend\n  tags: setup backend\n  remote_user: ubuntu\n  become: yes\n  vars: \n    encrypt_key: \"{{ hostvars['consul']['consul_encrypt_key'] }}\"\n  tasks:\n  \n  - name: Install packages\n    ansible.builtin.apt:\n      name: \"{{ item }}\"\n      state: latest\n    with_items:\n    - nginx\n\n  - name: Copy nginx index page\n    tags: copy nginx index page\n    ansible.builtin.template:\n      src: templates/backend/index.nginx-debian.html\n      dest: /var/www/html/index.nginx-debian.html\n\n  - name: Start nginx\n    ansible.builtin.service:\n      name: nginx\n      state: started\n      enabled: yes\n\n  - name: Get and unzip consul binary\n    ansible.builtin.unarchive:\n      src: https://hashicorp-releases.yandexcloud.net/consul/1.20.2/consul_1.20.2_linux_amd64.zip\n      dest: /usr/bin/\n      remote_src: yes\n  \n  - name: Add consule user\n    ansible.builtin.user:\n      name: consul\n      comment: Consul service\n\n  - name: Create consul directories\n    ansible.builtin.file:\n      path: \"{{ item }}\"\n      state: directory\n      owner: consul\n      group: consul\n      mode: '755'\n    with_items:\n      - /var/lib/consul\n      - /etc/consul.d\n\n  - name: Copy consul server config\n    ansible.builtin.copy:\n      src: templates/backend/config.hcl-client\n      dest: /etc/consul.d/config.hcl\n      owner: consul\n      group: consul\n\n  - name: Change encrypt option in config.hcl\n    ansible.builtin.lineinfile:\n      path: /etc/consul.d/config.hcl\n      regexp: 'encrypt'\n      line: '\"encrypt\" = \"{{encrypt_key}}\"'\n\n  - name: Copy consul.service file\n    ansible.builtin.copy:\n      src: templates/backend/consul.service\n      dest: /etc/systemd/system/consul.service\n\n  - name: Copy config to register the Nginx service and health check\n    tags: register nginx service\n    ansible.builtin.copy:\n      src: templates/backend/backend.hcl\n      dest: /etc/consul.d/backend.hcl \n\n  - name: Start consul server\n    ansible.builtin.service:\n      name: consul\n      state: started\n      enabled: yes\n\n# ========================== setup fronend servers ===================================\n\n- hosts: frontend\n  tags: setup frontend\n  remote_user: ubuntu\n  become: yes\n  tasks: \n\n  - name: Install nginx\n    tags: install nginx\n    ansible.builtin.apt: \n      name: nginx\n      state: present\n      update_cache: true\n\n  - name: Get and unzip consul-template binary\n    ansible.builtin.unarchive:\n      src: https://cloud.baltbereg.com/index.php/s/EcS3YxG88MiLEm4/download/consul-template_0.39.1_linux_amd64.zip\n      dest: /usr/bin/\n      remote_src: yes\n\n  - name: Create consul-template config directories\n    ansible.builtin.file:\n      path: \"{{ item }}\"\n      state: directory\n    with_items:\n      - /etc/consul-template.d\n      - /var/lib/consul-template\n\n  - name: Copy consul-template config file\n    tags: copy consultemplate config\n    ansible.builtin.copy:\n      src: 'templates/frontend/consul-template.hcl'\n      dest: '/etc/consul-template.d/consul-template.hcl'\n\n  - name: Copy consul template for nginx config\n    tags: copy consul template\n    ansible.builtin.copy:\n      src: 'templates/frontend/frontend-balancer.conf.ctmpl'\n      dest: '/var/lib/consul-template/frontend-balancer.conf.ctmpl'\n\n  - name: Delete nginx default site\n    tags: delete nginx default site\n    ansible.builtin.file:\n      path: /etc/nginx/sites-enabled/default\n      state: absent\n\n  - name: Copy consul-template.service file\n    tags: consul-template.service\n    ansible.builtin.copy:\n      src: templates/frontend/consul-template.service\n      dest: /etc/systemd/system/consul-template.service\n\n  - name: Start nginx\n    tags: start nginx frontend\n    ansible.builtin.service:\n      name: nginx\n      state: restarted\n      enabled: yes\n\n  - name: Start consul-template\n    ansible.builtin.service:\n      name: consul-template\n      state: started\n      enabled: yes   \n\n\n\n\n\n",
            "content_base64": null,
            "content_base64sha256": "cy/Bays06qRZ1XweikYcYeypMswR2gycrFGL6mkPNXc=",
            "content_base64sha512": "bl3rEGGeIAXdFMOM7mkfYg5xeUe9smRD1bVNkC0cIYVvGbAD+CMIas69p9s22qczZUUzeVOPlwnnqXDqX23ZgQ==",
            "content_md5": "1c0cef1eadf4323338f48f15ef86fae8",
            "content_sha1": "5556bb89a76e345c4a229320e42b9957151dfbc1",
            "content_sha256": "732fc16b2b34eaa459d57c1e8a461c61eca932cc11da0c9cac518bea690f3577",
            "content_sha512": "6e5deb10619e2005dd14c38cee691f620e717947bdb26443d5b54d902d1c21856f19b003f823086acebda7db36daa73365453379538f9709e7a970ea5f6dd981",
            "directory_permission": "0777",
            "file_permission": "0644",
            "filename": "./playbook.yml",
            "id": "5556bb89a76e345c4a229320e42b9957151dfbc1",
            "sensitive_content": null,
            "source": null
          },
          "sensitive_attributes": [
            [
              {
                "type": "get_attr",
                "value": "sensitive_content"
              }
            ]
          ],
          "dependencies": [
            "data.yandex_compute_image.ubuntu2404",
            "data.yandex_vpc_network.default",
            "yandex_compute_instance.backend",
            "yandex_compute_instance.consul",
            "yandex_compute_instance.frontend",
            "yandex_vpc_subnet.subnet01"
          ]
        }
      ]
    },
    {
      "mode": "managed",
      "type": "yandex_compute_instance",
      "name": "backend",
      "provider": "provider[\"registry.terraform.io/yandex-cloud/yandex\"]",
      "instances": [
        {
          "index_key": 0,
          "schema_version": 1,
          "attributes": {
            "allow_recreate": null,
            "allow_stopping_for_update": null,
            "boot_disk": [
              {
                "auto_delete": true,
                "device_name": "epdg0dc2iu9s7eu0mvrv",
                "disk_id": "epdg0dc2iu9s7eu0mvrv",
                "initialize_params": [
                  {
                    "block_size": 4096,
                    "description": "",
                    "image_id": "fd8hr27j6bkf6bd0tdsh",
                    "kms_key_id": "",
                    "name": "boot-disk-backend1",
                    "size": 10,
                    "snapshot_id": "",
                    "type": "network-hdd"
                  }
                ],
                "mode": "READ_WRITE"
              }
            ],
            "created_at": "2025-01-30T13:00:16Z",
            "description": "",
            "filesystem": [],
            "folder_id": "b1ghnhdkga964vm8vfu6",
            "fqdn": "backend1.ru-central1.internal",
            "gpu_cluster_id": "",
            "hardware_generation": [
              {
                "generation2_features": [],
                "legacy_features": [
                  {
                    "pci_topology": "PCI_TOPOLOGY_V1"
                  }
                ]
              }
            ],
            "hostname": "backend1",
            "id": "epdj36neo892vl600lud",
            "labels": null,
            "local_disk": [],
            "maintenance_grace_period": "",
            "maintenance_policy": null,
            "metadata": {
              "ssh-keys": "ubuntu:ssh-ed25519 AAAAC3NzaC1lZDI1NTE5AAAAIFsv6OblDNKcWCXVFwd7wFacShcXDYt/mqBrPConqp8f itbn@LearningMachine1\n"
            },
            "metadata_options": [
              {
                "aws_v1_http_endpoint": 1,
                "aws_v1_http_token": 2,
                "gce_http_endpoint": 1,
                "gce_http_token": 1
              }
            ],
            "name": "backend1",
            "network_acceleration_type": "standard",
            "network_interface": [
              {
                "dns_record": [],
                "index": 0,
                "ip_address": "10.16.0.29",
                "ipv4": true,
                "ipv6": false,
                "ipv6_address": "",
                "ipv6_dns_record": [],
                "mac_address": "d0:0d:13:19:ae:ec",
                "nat": true,
                "nat_dns_record": [],
                "nat_ip_address": "51.250.21.184",
                "nat_ip_version": "IPV4",
                "security_group_ids": [],
                "subnet_id": "e2llnmc4b3c8mfokom08"
              }
            ],
            "placement_policy": [
              {
                "host_affinity_rules": [],
                "placement_group_id": "",
                "placement_group_partition": 0
              }
            ],
            "platform_id": "standard-v1",
            "resources": [
              {
                "core_fraction": 100,
                "cores": 2,
                "gpus": 0,
                "memory": 2
              }
            ],
            "scheduling_policy": [
              {
                "preemptible": false
              }
            ],
            "secondary_disk": [],
            "service_account_id": "",
            "status": "running",
            "timeouts": null,
            "zone": "ru-central1-b"
          },
          "sensitive_attributes": [],
          "private": "eyJlMmJmYjczMC1lY2FhLTExZTYtOGY4OC0zNDM2M2JjN2M0YzAiOnsiY3JlYXRlIjozMDAwMDAwMDAwMDAsImRlbGV0ZSI6MzAwMDAwMDAwMDAwLCJ1cGRhdGUiOjMwMDAwMDAwMDAwMH0sInNjaGVtYV92ZXJzaW9uIjoiMSJ9",
          "dependencies": [
            "data.yandex_compute_image.ubuntu2404",
            "data.yandex_vpc_network.default",
            "yandex_vpc_subnet.subnet01"
          ]
        },
        {
          "index_key": 1,
          "schema_version": 1,
          "attributes": {
            "allow_recreate": null,
            "allow_stopping_for_update": null,
            "boot_disk": [
              {
                "auto_delete": true,
                "device_name": "epdq937u4pdna9i2ihvq",
                "disk_id": "epdq937u4pdna9i2ihvq",
                "initialize_params": [
                  {
                    "block_size": 4096,
                    "description": "",
                    "image_id": "fd8hr27j6bkf6bd0tdsh",
                    "kms_key_id": "",
                    "name": "boot-disk-backend2",
                    "size": 10,
                    "snapshot_id": "",
                    "type": "network-hdd"
                  }
                ],
                "mode": "READ_WRITE"
              }
            ],
            "created_at": "2025-01-30T13:00:16Z",
            "description": "",
            "filesystem": [],
            "folder_id": "b1ghnhdkga964vm8vfu6",
            "fqdn": "backend2.ru-central1.internal",
            "gpu_cluster_id": "",
            "hardware_generation": [
              {
                "generation2_features": [],
                "legacy_features": [
                  {
                    "pci_topology": "PCI_TOPOLOGY_V1"
                  }
                ]
              }
            ],
            "hostname": "backend2",
            "id": "epdrueht0kd6acl4lugt",
            "labels": null,
            "local_disk": [],
            "maintenance_grace_period": "",
            "maintenance_policy": null,
            "metadata": {
              "ssh-keys": "ubuntu:ssh-ed25519 AAAAC3NzaC1lZDI1NTE5AAAAIFsv6OblDNKcWCXVFwd7wFacShcXDYt/mqBrPConqp8f itbn@LearningMachine1\n"
            },
            "metadata_options": [
              {
                "aws_v1_http_endpoint": 1,
                "aws_v1_http_token": 2,
                "gce_http_endpoint": 1,
                "gce_http_token": 1
              }
            ],
            "name": "backend2",
            "network_acceleration_type": "standard",
            "network_interface": [
              {
                "dns_record": [],
                "index": 0,
                "ip_address": "10.16.0.13",
                "ipv4": true,
                "ipv6": false,
                "ipv6_address": "",
                "ipv6_dns_record": [],
                "mac_address": "d0:0d:1b:f3:a3:d0",
                "nat": true,
                "nat_dns_record": [],
                "nat_ip_address": "158.160.89.162",
                "nat_ip_version": "IPV4",
                "security_group_ids": [],
                "subnet_id": "e2llnmc4b3c8mfokom08"
              }
            ],
            "placement_policy": [
              {
                "host_affinity_rules": [],
                "placement_group_id": "",
                "placement_group_partition": 0
              }
            ],
            "platform_id": "standard-v1",
            "resources": [
              {
                "core_fraction": 100,
                "cores": 2,
                "gpus": 0,
                "memory": 2
              }
            ],
            "scheduling_policy": [
              {
                "preemptible": false
              }
            ],
            "secondary_disk": [],
            "service_account_id": "",
            "status": "running",
            "timeouts": null,
            "zone": "ru-central1-b"
          },
          "sensitive_attributes": [],
          "private": "eyJlMmJmYjczMC1lY2FhLTExZTYtOGY4OC0zNDM2M2JjN2M0YzAiOnsiY3JlYXRlIjozMDAwMDAwMDAwMDAsImRlbGV0ZSI6MzAwMDAwMDAwMDAwLCJ1cGRhdGUiOjMwMDAwMDAwMDAwMH0sInNjaGVtYV92ZXJzaW9uIjoiMSJ9",
          "dependencies": [
            "data.yandex_compute_image.ubuntu2404",
            "data.yandex_vpc_network.default",
            "yandex_vpc_subnet.subnet01"
          ]
        }
      ]
    },
    {
      "mode": "managed",
      "type": "yandex_compute_instance",
      "name": "consul",
      "provider": "provider[\"registry.terraform.io/yandex-cloud/yandex\"]",
      "instances": [
        {
          "schema_version": 1,
          "attributes": {
            "allow_recreate": null,
            "allow_stopping_for_update": null,
            "boot_disk": [
              {
                "auto_delete": true,
                "device_name": "epdrj70s774caka2fq9e",
                "disk_id": "epdrj70s774caka2fq9e",
                "initialize_params": [
                  {
                    "block_size": 4096,
                    "description": "",
                    "image_id": "fd8hr27j6bkf6bd0tdsh",
                    "kms_key_id": "",
                    "name": "boot-disk-consul",
                    "size": 10,
                    "snapshot_id": "",
                    "type": "network-hdd"
                  }
                ],
                "mode": "READ_WRITE"
              }
            ],
            "created_at": "2025-01-30T13:00:16Z",
            "description": "",
            "filesystem": [],
            "folder_id": "b1ghnhdkga964vm8vfu6",
            "fqdn": "consul.ru-central1.internal",
            "gpu_cluster_id": "",
            "hardware_generation": [
              {
                "generation2_features": [],
                "legacy_features": [
                  {
                    "pci_topology": "PCI_TOPOLOGY_V1"
                  }
                ]
              }
            ],
            "hostname": "consul",
            "id": "epdravjb7arsi0fr938r",
            "labels": null,
            "local_disk": [],
            "maintenance_grace_period": "",
            "maintenance_policy": null,
            "metadata": {
              "ssh-keys": "ubuntu:ssh-ed25519 AAAAC3NzaC1lZDI1NTE5AAAAIFsv6OblDNKcWCXVFwd7wFacShcXDYt/mqBrPConqp8f itbn@LearningMachine1\n"
            },
            "metadata_options": [
              {
                "aws_v1_http_endpoint": 1,
                "aws_v1_http_token": 2,
                "gce_http_endpoint": 1,
                "gce_http_token": 1
              }
            ],
            "name": "consul",
            "network_acceleration_type": "standard",
            "network_interface": [
              {
                "dns_record": [],
                "index": 0,
                "ip_address": "10.16.0.26",
                "ipv4": true,
                "ipv6": false,
                "ipv6_address": "",
                "ipv6_dns_record": [],
                "mac_address": "d0:0d:1b:57:e6:b3",
                "nat": true,
                "nat_dns_record": [],
                "nat_ip_address": "158.160.74.116",
                "nat_ip_version": "IPV4",
                "security_group_ids": [],
                "subnet_id": "e2llnmc4b3c8mfokom08"
              }
            ],
            "placement_policy": [
              {
                "host_affinity_rules": [],
                "placement_group_id": "",
                "placement_group_partition": 0
              }
            ],
            "platform_id": "standard-v1",
            "resources": [
              {
                "core_fraction": 100,
                "cores": 2,
                "gpus": 0,
                "memory": 2
              }
            ],
            "scheduling_policy": [
              {
                "preemptible": false
              }
            ],
            "secondary_disk": [],
            "service_account_id": "",
            "status": "running",
            "timeouts": null,
            "zone": "ru-central1-b"
          },
          "sensitive_attributes": [],
          "private": "eyJlMmJmYjczMC1lY2FhLTExZTYtOGY4OC0zNDM2M2JjN2M0YzAiOnsiY3JlYXRlIjozMDAwMDAwMDAwMDAsImRlbGV0ZSI6MzAwMDAwMDAwMDAwLCJ1cGRhdGUiOjMwMDAwMDAwMDAwMH0sInNjaGVtYV92ZXJzaW9uIjoiMSJ9",
          "dependencies": [
            "data.yandex_compute_image.ubuntu2404",
            "data.yandex_vpc_network.default",
            "yandex_vpc_subnet.subnet01"
          ]
        }
      ]
    },
    {
      "mode": "managed",
      "type": "yandex_compute_instance",
      "name": "frontend",
      "provider": "provider[\"registry.terraform.io/yandex-cloud/yandex\"]",
      "instances": [
        {
          "index_key": 0,
          "schema_version": 1,
          "attributes": {
            "allow_recreate": null,
            "allow_stopping_for_update": null,
            "boot_disk": [
              {
                "auto_delete": true,
                "device_name": "epddne9v36oovomm6b0o",
                "disk_id": "epddne9v36oovomm6b0o",
                "initialize_params": [
                  {
                    "block_size": 4096,
                    "description": "",
                    "image_id": "fd8hr27j6bkf6bd0tdsh",
                    "kms_key_id": "",
                    "name": "boot-disk-nginx1",
                    "size": 10,
                    "snapshot_id": "",
                    "type": "network-hdd"
                  }
                ],
                "mode": "READ_WRITE"
              }
            ],
            "created_at": "2025-01-30T13:00:16Z",
            "description": "",
            "filesystem": [],
            "folder_id": "b1ghnhdkga964vm8vfu6",
            "fqdn": "nginx1.ru-central1.internal",
            "gpu_cluster_id": "",
            "hardware_generation": [
              {
                "generation2_features": [],
                "legacy_features": [
                  {
                    "pci_topology": "PCI_TOPOLOGY_V1"
                  }
                ]
              }
            ],
            "hostname": "nginx1",
            "id": "epd3br02ee23k93geups",
            "labels": null,
            "local_disk": [],
            "maintenance_grace_period": "",
            "maintenance_policy": null,
            "metadata": {
              "ssh-keys": "ubuntu:ssh-ed25519 AAAAC3NzaC1lZDI1NTE5AAAAIFsv6OblDNKcWCXVFwd7wFacShcXDYt/mqBrPConqp8f itbn@LearningMachine1\n"
            },
            "metadata_options": [
              {
                "aws_v1_http_endpoint": 1,
                "aws_v1_http_token": 2,
                "gce_http_endpoint": 1,
                "gce_http_token": 1
              }
            ],
            "name": "nginx1",
            "network_acceleration_type": "standard",
            "network_interface": [
              {
                "dns_record": [],
                "index": 0,
                "ip_address": "10.16.0.34",
                "ipv4": true,
                "ipv6": false,
                "ipv6_address": "",
                "ipv6_dns_record": [],
                "mac_address": "d0:0d:35:ec:02:73",
                "nat": true,
                "nat_dns_record": [],
                "nat_ip_address": "158.160.75.29",
                "nat_ip_version": "IPV4",
                "security_group_ids": [],
                "subnet_id": "e2llnmc4b3c8mfokom08"
              }
            ],
            "placement_policy": [
              {
                "host_affinity_rules": [],
                "placement_group_id": "",
                "placement_group_partition": 0
              }
            ],
            "platform_id": "standard-v1",
            "resources": [
              {
                "core_fraction": 100,
                "cores": 2,
                "gpus": 0,
                "memory": 2
              }
            ],
            "scheduling_policy": [
              {
                "preemptible": false
              }
            ],
            "secondary_disk": [],
            "service_account_id": "",
            "status": "running",
            "timeouts": null,
            "zone": "ru-central1-b"
          },
          "sensitive_attributes": [],
          "private": "eyJlMmJmYjczMC1lY2FhLTExZTYtOGY4OC0zNDM2M2JjN2M0YzAiOnsiY3JlYXRlIjozMDAwMDAwMDAwMDAsImRlbGV0ZSI6MzAwMDAwMDAwMDAwLCJ1cGRhdGUiOjMwMDAwMDAwMDAwMH0sInNjaGVtYV92ZXJzaW9uIjoiMSJ9",
          "dependencies": [
            "data.yandex_compute_image.ubuntu2404",
            "data.yandex_vpc_network.default",
            "yandex_vpc_subnet.subnet01"
          ]
        }
      ]
    },
    {
      "mode": "managed",
      "type": "yandex_vpc_subnet",
      "name": "subnet01",
      "provider": "provider[\"registry.terraform.io/yandex-cloud/yandex\"]",
      "instances": [
        {
          "schema_version": 0,
          "attributes": {
            "created_at": "2025-01-30T13:00:15Z",
            "description": "",
            "dhcp_options": [],
            "folder_id": "b1ghnhdkga964vm8vfu6",
            "id": "e2llnmc4b3c8mfokom08",
            "labels": {},
            "name": "subnet01",
            "network_id": "enp014etv9tm4bcju6bq",
            "route_table_id": "",
            "timeouts": null,
            "v4_cidr_blocks": [
              "10.16.0.0/24"
            ],
            "v6_cidr_blocks": [],
            "zone": "ru-central1-b"
          },
          "sensitive_attributes": [],
          "private": "eyJlMmJmYjczMC1lY2FhLTExZTYtOGY4OC0zNDM2M2JjN2M0YzAiOnsiY3JlYXRlIjoxODAwMDAwMDAwMDAsImRlbGV0ZSI6MTgwMDAwMDAwMDAwLCJ1cGRhdGUiOjE4MDAwMDAwMDAwMH19",
          "dependencies": [
            "data.yandex_vpc_network.default"
          ]
        }
      ]
    }
  ],
  "check_results": null
}
